
Microsoft Visual Studio Solution File, Format Version 12.00
# Visual Studio Version 16
VisualStudioVersion = 16.0.32106.194
MinimumVisualStudioVersion = 10.0.40219.1
Project("{FAE04EC0-301F-11D3-BF4B-00C04F79EFBC}") = "prySistemaVenta", "prySistemaVenta\prySistemaVenta.csproj", "{71BE23DE-A245-4324-9882-E9A10B7BD86A}"
EndProject
Global
	GlobalSection(SolutionConfigurationPlatforms) = preSolution
		Debug|Any CPU = Debug|Any CPU
		Release|Any CPU = Release|Any CPU
	EndGlobalSection
	GlobalSection(ProjectConfigurationPlatforms) = postSolution
		{71BE23DE-A245-4324-9882-E9A10B7BD86A}.Debug|Any CPU.ActiveCfg = Debug|Any CPU
		{71BE23DE-A245-4324-9882-E9A10B7BD86A}.Debug|Any CPU.Build.0 = Debug|Any CPU
		{71BE23DE-A245-4324-9882-E9A10B7BD86A}.Release|Any CPU.ActiveCfg = Release|Any CPU
		{71BE23DE-A245-4324-9882-E9A10B7BD86A}.Release|Any CPU.Build.0 = Release|Any CPU
	EndGlobalSection
	GlobalSection(SolutionProperties) = preSolution
		HideSolutionNode = FALSE
	EndGlobalSection
	GlobalSection(ExtensibilityGlobals) = postSolution
		SolutionGuid = {D5052ACF-FC15-439B-B803-5F9D39C88B17}
	EndGlobalSection
EndGlobal
